
Microsoft Visual Studio Solution File, Format Version 12.00
# Visual Studio Version 16
VisualStudioVersion = 16.0.32002.261
MinimumVisualStudioVersion = 10.0.40219.1
Project("{2150E333-8FDC-42A3-9474-1A3956D46DE8}") = "Solution Items", "Solution Items", "{468642FA-0290-4F72-ACE3-B0B91B3B0E82}"
	ProjectSection(SolutionItems) = preProject
		.gitignore = .gitignore
		README.md = README.md
	EndProjectSection
EndProject
Project("{2150E333-8FDC-42A3-9474-1A3956D46DE8}") = "docker", "docker", "{C6B30454-A540-46D1-B1A7-15EEFE027DF9}"
	ProjectSection(SolutionItems) = preProject
		docker-compose.yaml = docker-compose.yaml
	EndProjectSection
EndProject
Project("{2150E333-8FDC-42A3-9474-1A3956D46DE8}") = "mssql", "mssql", "{E00D0C68-6F40-4887-8971-2FCFC02C078B}"
	ProjectSection(SolutionItems) = preProject
		docker\mssql\db-init.sh = docker\mssql\db-init.sh
		docker\mssql\db-init.sql = docker\mssql\db-init.sql
		docker\mssql\Dockerfile = docker\mssql\Dockerfile
		docker\mssql\entrypoint.sh = docker\mssql\entrypoint.sh
	EndProjectSection
EndProject
Project("{2150E333-8FDC-42A3-9474-1A3956D46DE8}") = "postgres", "postgres", "{A3F70A57-5CFF-4FB0-B085-CED1EA09F965}"
	ProjectSection(SolutionItems) = preProject
		docker\postgres\db-init.sql = docker\postgres\db-init.sql
		docker\postgres\Dockerfile = docker\postgres\Dockerfile
	EndProjectSection
EndProject
Project("{2150E333-8FDC-42A3-9474-1A3956D46DE8}") = "src", "src", "{4B17BF57-39D8-4131-9E08-501198B25551}"
EndProject
Project("{2150E333-8FDC-42A3-9474-1A3956D46DE8}") = "test", "test", "{F31BF859-18D2-4EFD-B989-5117373CCEC9}"
EndProject
Project("{9A19103F-16F7-4668-BE54-9A1E7A4F7556}") = "KafkaModels", "src\KafkaModels\KafkaModels.csproj", "{472EB278-A50E-4E37-A0B1-8DE4E58AF3BA}"
EndProject
Project("{9A19103F-16F7-4668-BE54-9A1E7A4F7556}") = "MrJB.RepositoryPattern.Data", "src\RepositoryPattern.Data\MrJB.RepositoryPattern.Data.csproj", "{82574506-D6B4-4CE8-A529-BD4E696C36EB}"
EndProject
Project("{9A19103F-16F7-4668-BE54-9A1E7A4F7556}") = "MrJB.RepositoryPattern", "src\RepositoryPattern\MrJB.RepositoryPattern.csproj", "{01CB576C-2DC9-40EB-A1F6-9FE04CE8E5C8}"
EndProject
Project("{2150E333-8FDC-42A3-9474-1A3956D46DE8}") = "mongodb", "mongodb", "{7F2F9808-001A-4FB6-819E-FF6D97F60167}"
EndProject
Project("{9A19103F-16F7-4668-BE54-9A1E7A4F7556}") = "MrJB.RepositoryPattern.Data.Tests.Live", "test\MrJB.RepositoryPattern.Data.Tests.Live\MrJB.RepositoryPattern.Data.Tests.Live.csproj", "{50CE968B-D768-4D95-B3E4-8B9B65C2ACA3}"
EndProject
Project("{9A19103F-16F7-4668-BE54-9A1E7A4F7556}") = "MrJB.RepositoryPattern.Data.Tests", "test\MrJB.RepositoryPattern.Data.Tests\MrJB.RepositoryPattern.Data.Tests.csproj", "{D23A33AA-4061-4BB9-8483-220057A60A99}"
EndProject
Global
	GlobalSection(SolutionConfigurationPlatforms) = preSolution
		Debug|Any CPU = Debug|Any CPU
		Release|Any CPU = Release|Any CPU
	EndGlobalSection
	GlobalSection(ProjectConfigurationPlatforms) = postSolution
		{472EB278-A50E-4E37-A0B1-8DE4E58AF3BA}.Debug|Any CPU.ActiveCfg = Debug|Any CPU
		{472EB278-A50E-4E37-A0B1-8DE4E58AF3BA}.Debug|Any CPU.Build.0 = Debug|Any CPU
		{472EB278-A50E-4E37-A0B1-8DE4E58AF3BA}.Release|Any CPU.ActiveCfg = Release|Any CPU
		{472EB278-A50E-4E37-A0B1-8DE4E58AF3BA}.Release|Any CPU.Build.0 = Release|Any CPU
		{82574506-D6B4-4CE8-A529-BD4E696C36EB}.Debug|Any CPU.ActiveCfg = Debug|Any CPU
		{82574506-D6B4-4CE8-A529-BD4E696C36EB}.Debug|Any CPU.Build.0 = Debug|Any CPU
		{82574506-D6B4-4CE8-A529-BD4E696C36EB}.Release|Any CPU.ActiveCfg = Release|Any CPU
		{82574506-D6B4-4CE8-A529-BD4E696C36EB}.Release|Any CPU.Build.0 = Release|Any CPU
		{01CB576C-2DC9-40EB-A1F6-9FE04CE8E5C8}.Debug|Any CPU.ActiveCfg = Debug|Any CPU
		{01CB576C-2DC9-40EB-A1F6-9FE04CE8E5C8}.Debug|Any CPU.Build.0 = Debug|Any CPU
		{01CB576C-2DC9-40EB-A1F6-9FE04CE8E5C8}.Release|Any CPU.ActiveCfg = Release|Any CPU
		{01CB576C-2DC9-40EB-A1F6-9FE04CE8E5C8}.Release|Any CPU.Build.0 = Release|Any CPU
		{50CE968B-D768-4D95-B3E4-8B9B65C2ACA3}.Debug|Any CPU.ActiveCfg = Debug|Any CPU
		{50CE968B-D768-4D95-B3E4-8B9B65C2ACA3}.Debug|Any CPU.Build.0 = Debug|Any CPU
		{50CE968B-D768-4D95-B3E4-8B9B65C2ACA3}.Release|Any CPU.ActiveCfg = Release|Any CPU
		{50CE968B-D768-4D95-B3E4-8B9B65C2ACA3}.Release|Any CPU.Build.0 = Release|Any CPU
		{D23A33AA-4061-4BB9-8483-220057A60A99}.Debug|Any CPU.ActiveCfg = Debug|Any CPU
		{D23A33AA-4061-4BB9-8483-220057A60A99}.Debug|Any CPU.Build.0 = Debug|Any CPU
		{D23A33AA-4061-4BB9-8483-220057A60A99}.Release|Any CPU.ActiveCfg = Release|Any CPU
		{D23A33AA-4061-4BB9-8483-220057A60A99}.Release|Any CPU.Build.0 = Release|Any CPU
	EndGlobalSection
	GlobalSection(SolutionProperties) = preSolution
		HideSolutionNode = FALSE
	EndGlobalSection
	GlobalSection(NestedProjects) = preSolution
		{C6B30454-A540-46D1-B1A7-15EEFE027DF9} = {468642FA-0290-4F72-ACE3-B0B91B3B0E82}
		{E00D0C68-6F40-4887-8971-2FCFC02C078B} = {C6B30454-A540-46D1-B1A7-15EEFE027DF9}
		{A3F70A57-5CFF-4FB0-B085-CED1EA09F965} = {C6B30454-A540-46D1-B1A7-15EEFE027DF9}
		{472EB278-A50E-4E37-A0B1-8DE4E58AF3BA} = {4B17BF57-39D8-4131-9E08-501198B25551}
		{82574506-D6B4-4CE8-A529-BD4E696C36EB} = {4B17BF57-39D8-4131-9E08-501198B25551}
		{01CB576C-2DC9-40EB-A1F6-9FE04CE8E5C8} = {4B17BF57-39D8-4131-9E08-501198B25551}
		{7F2F9808-001A-4FB6-819E-FF6D97F60167} = {C6B30454-A540-46D1-B1A7-15EEFE027DF9}
		{50CE968B-D768-4D95-B3E4-8B9B65C2ACA3} = {F31BF859-18D2-4EFD-B989-5117373CCEC9}
		{D23A33AA-4061-4BB9-8483-220057A60A99} = {F31BF859-18D2-4EFD-B989-5117373CCEC9}
	EndGlobalSection
	GlobalSection(ExtensibilityGlobals) = postSolution
		SolutionGuid = {8D196391-0C94-4093-B2EE-BC805AAADA90}
	EndGlobalSection
EndGlobal
